
Microsoft Visual Studio Solution File, Format Version 12.00
# Visual Studio Version 16
VisualStudioVersion = 16.0.29020.237
MinimumVisualStudioVersion = 10.0.40219.1
Project("{FAE04EC0-301F-11D3-BF4B-00C04F79EFBC}") = "SistemaVentas", "SistemaVentas.csproj", "{C5605818-DFFF-494F-8524-E3B72E956D08}"
EndProject
Global
	GlobalSection(SolutionConfigurationPlatforms) = preSolution
		Debug|Any CPU = Debug|Any CPU
		Release|Any CPU = Release|Any CPU
	EndGlobalSection
	GlobalSection(ProjectConfigurationPlatforms) = postSolution
		{C5605818-DFFF-494F-8524-E3B72E956D08}.Debug|Any CPU.ActiveCfg = Debug|Any CPU
		{C5605818-DFFF-494F-8524-E3B72E956D08}.Debug|Any CPU.Build.0 = Debug|Any CPU
		{C5605818-DFFF-494F-8524-E3B72E956D08}.Release|Any CPU.ActiveCfg = Release|Any CPU
		{C5605818-DFFF-494F-8524-E3B72E956D08}.Release|Any CPU.Build.0 = Release|Any CPU
	EndGlobalSection
	GlobalSection(SolutionProperties) = preSolution
		HideSolutionNode = FALSE
	EndGlobalSection
	GlobalSection(ExtensibilityGlobals) = postSolution
		SolutionGuid = {7BE493DA-C2A2-40BB-9FBE-6F8569C13B8D}
	EndGlobalSection
EndGlobal
